
Microsoft Visual Studio Solution File, Format Version 12.00
# Visual Studio Version 16
VisualStudioVersion = 16.0.31515.178
MinimumVisualStudioVersion = 10.0.40219.1
Project("{FAE04EC0-301F-11D3-BF4B-00C04F79EFBC}") = "CAD Configurator", "CAD Configurator\CAD Configurator.csproj", "{77F41118-0DF1-43C6-BD78-D12819E13143}"
EndProject
Project("{FAE04EC0-301F-11D3-BF4B-00C04F79EFBC}") = "SolidworksCore", "SolidworksCore\SolidworksCore.csproj", "{AD5A9188-6630-49C4-8D56-1101AA825F5A}"
EndProject
Global
	GlobalSection(SolutionConfigurationPlatforms) = preSolution
		Debug|Any CPU = Debug|Any CPU
		Release|Any CPU = Release|Any CPU
	EndGlobalSection
	GlobalSection(ProjectConfigurationPlatforms) = postSolution
		{77F41118-0DF1-43C6-BD78-D12819E13143}.Debug|Any CPU.ActiveCfg = Debug|Any CPU
		{77F41118-0DF1-43C6-BD78-D12819E13143}.Debug|Any CPU.Build.0 = Debug|Any CPU
		{77F41118-0DF1-43C6-BD78-D12819E13143}.Release|Any CPU.ActiveCfg = Release|Any CPU
		{77F41118-0DF1-43C6-BD78-D12819E13143}.Release|Any CPU.Build.0 = Release|Any CPU
		{AD5A9188-6630-49C4-8D56-1101AA825F5A}.Debug|Any CPU.ActiveCfg = Debug|Any CPU
		{AD5A9188-6630-49C4-8D56-1101AA825F5A}.Debug|Any CPU.Build.0 = Debug|Any CPU
		{AD5A9188-6630-49C4-8D56-1101AA825F5A}.Release|Any CPU.ActiveCfg = Release|Any CPU
		{AD5A9188-6630-49C4-8D56-1101AA825F5A}.Release|Any CPU.Build.0 = Release|Any CPU
	EndGlobalSection
	GlobalSection(SolutionProperties) = preSolution
		HideSolutionNode = FALSE
	EndGlobalSection
	GlobalSection(ExtensibilityGlobals) = postSolution
		SolutionGuid = {60B5E26D-8B46-4BB3-9C7D-1D20D27FDD61}
	EndGlobalSection
EndGlobal
